
Microsoft Visual Studio Solution File, Format Version 12.00
# Visual Studio Version 17
VisualStudioVersion = 17.14.36203.30 d17.14
MinimumVisualStudioVersion = 10.0.40219.1
Project("{FAE04EC0-301F-11D3-BF4B-00C04F79EFBC}") = "RFID_AttendanceSystem", "RFID_AttendanceSystem\RFID_AttendanceSystem.csproj", "{CCB95415-5B5D-45E7-B021-7B09D8E17403}"
EndProject
Global
	GlobalSection(SolutionConfigurationPlatforms) = preSolution
		Debug|Any CPU = Debug|Any CPU
		Release|Any CPU = Release|Any CPU
	EndGlobalSection
	GlobalSection(ProjectConfigurationPlatforms) = postSolution
		{CCB95415-5B5D-45E7-B021-7B09D8E17403}.Debug|Any CPU.ActiveCfg = Debug|Any CPU
		{CCB95415-5B5D-45E7-B021-7B09D8E17403}.Debug|Any CPU.Build.0 = Debug|Any CPU
		{CCB95415-5B5D-45E7-B021-7B09D8E17403}.Release|Any CPU.ActiveCfg = Release|Any CPU
		{CCB95415-5B5D-45E7-B021-7B09D8E17403}.Release|Any CPU.Build.0 = Release|Any CPU
	EndGlobalSection
	GlobalSection(SolutionProperties) = preSolution
		HideSolutionNode = FALSE
	EndGlobalSection
	GlobalSection(ExtensibilityGlobals) = postSolution
		SolutionGuid = {D64B9523-A1B1-4665-B57D-A50F336DD1E4}
	EndGlobalSection
EndGlobal
